
Microsoft Visual Studio Solution File, Format Version 12.00
# Visual Studio Version 17
VisualStudioVersion = 17.14.36623.8 d17.14
MinimumVisualStudioVersion = 10.0.40219.1
Project("{FAE04EC0-301F-11D3-BF4B-00C04F79EFBC}") = "BackendPincheCocina", "BackendPincheCocina\BackendPincheCocina.csproj", "{82562E45-4B55-4D8A-8469-54D0F124CF11}"
EndProject
Global
	GlobalSection(SolutionConfigurationPlatforms) = preSolution
		Debug|Any CPU = Debug|Any CPU
		Release|Any CPU = Release|Any CPU
	EndGlobalSection
	GlobalSection(ProjectConfigurationPlatforms) = postSolution
		{82562E45-4B55-4D8A-8469-54D0F124CF11}.Debug|Any CPU.ActiveCfg = Debug|Any CPU
		{82562E45-4B55-4D8A-8469-54D0F124CF11}.Debug|Any CPU.Build.0 = Debug|Any CPU
		{82562E45-4B55-4D8A-8469-54D0F124CF11}.Release|Any CPU.ActiveCfg = Release|Any CPU
		{82562E45-4B55-4D8A-8469-54D0F124CF11}.Release|Any CPU.Build.0 = Release|Any CPU
	EndGlobalSection
	GlobalSection(SolutionProperties) = preSolution
		HideSolutionNode = FALSE
	EndGlobalSection
	GlobalSection(ExtensibilityGlobals) = postSolution
		SolutionGuid = {68991F10-C1CB-44BA-A371-E4901BACA804}
	EndGlobalSection
EndGlobal
